
Microsoft Visual Studio Solution File, Format Version 12.00
# Visual Studio Version 17
VisualStudioVersion = 17.11.35222.181
MinimumVisualStudioVersion = 10.0.40219.1
Project("{FAE04EC0-301F-11D3-BF4B-00C04F79EFBC}") = "CheckForIGMP", "CheckForIGMP.csproj", "{70580E9C-FC5F-4339-A3BE-64EF907621F3}"
EndProject
Global
	GlobalSection(SolutionConfigurationPlatforms) = preSolution
		Debug|Any CPU = Debug|Any CPU
		Release|Any CPU = Release|Any CPU
	EndGlobalSection
	GlobalSection(ProjectConfigurationPlatforms) = postSolution
		{70580E9C-FC5F-4339-A3BE-64EF907621F3}.Debug|Any CPU.ActiveCfg = Debug|Any CPU
		{70580E9C-FC5F-4339-A3BE-64EF907621F3}.Debug|Any CPU.Build.0 = Debug|Any CPU
		{70580E9C-FC5F-4339-A3BE-64EF907621F3}.Release|Any CPU.ActiveCfg = Release|Any CPU
		{70580E9C-FC5F-4339-A3BE-64EF907621F3}.Release|Any CPU.Build.0 = Release|Any CPU
	EndGlobalSection
	GlobalSection(SolutionProperties) = preSolution
		HideSolutionNode = FALSE
	EndGlobalSection
	GlobalSection(ExtensibilityGlobals) = postSolution
		SolutionGuid = {2B636ADD-CE78-475D-A0C0-351439BD85D6}
	EndGlobalSection
EndGlobal
